
Microsoft Visual Studio Solution File, Format Version 12.00
# Visual Studio Version 16
VisualStudioVersion = 16.0.31410.357
MinimumVisualStudioVersion = 10.0.40219.1
Project("{FAE04EC0-301F-11D3-BF4B-00C04F79EFBC}") = "ClickCounter", "ClickCounter\ClickCounter.csproj", "{84025FEE-BFDF-4D8F-A26D-66F6A318A4FE}"
EndProject
Global
	GlobalSection(SolutionConfigurationPlatforms) = preSolution
		Debug|Any CPU = Debug|Any CPU
		Release|Any CPU = Release|Any CPU
	EndGlobalSection
	GlobalSection(ProjectConfigurationPlatforms) = postSolution
		{84025FEE-BFDF-4D8F-A26D-66F6A318A4FE}.Debug|Any CPU.ActiveCfg = Debug|Any CPU
		{84025FEE-BFDF-4D8F-A26D-66F6A318A4FE}.Debug|Any CPU.Build.0 = Debug|Any CPU
		{84025FEE-BFDF-4D8F-A26D-66F6A318A4FE}.Release|Any CPU.ActiveCfg = Release|Any CPU
		{84025FEE-BFDF-4D8F-A26D-66F6A318A4FE}.Release|Any CPU.Build.0 = Release|Any CPU
	EndGlobalSection
	GlobalSection(SolutionProperties) = preSolution
		HideSolutionNode = FALSE
	EndGlobalSection
	GlobalSection(ExtensibilityGlobals) = postSolution
		SolutionGuid = {F9429D54-6CDA-42BF-9C7C-E218B9DF2A3F}
	EndGlobalSection
EndGlobal
